{
  "version": 4,
  "terraform_version": "1.5.6",
  "serial": 1,
  "lineage": "ae93aac3-296a-e285-156e-00d965dc29c0",
  "outputs": {},
  "resources": [
    {
      "mode": "managed",
      "type": "local_file",
      "name": "resource_name",
      "provider": "provider[\"registry.terraform.io/hashicorp/local\"]",
      "instances": [
        {
          "schema_version": 0,
          "attributes": {
            "content": "Today is Friday",
            "content_base64": null,
            "content_base64sha256": "hpbWelL6QUvRgdUu9gl+m6E4wk4glK1knwDU0jPBxz4=",
            "content_base64sha512": "aFGmEURAQzyKbR49TETDMZ4qWwzW83mamHfgx4xmwcoGBqUnyHeKNTkRE2t3IeA0cog0VHudQWC6vpIGu1T/oA==",
            "content_md5": "363821f1693184f62bc35810b51efe81",
            "content_sha1": "b9464c0f7177443def9613b56cd2876520514fea",
            "content_sha256": "8696d67a52fa414bd181d52ef6097e9ba138c24e2094ad649f00d4d233c1c73e",
            "content_sha512": "6851a6114440433c8a6d1e3d4c44c3319e2a5b0cd6f3799a9877e0c78c66c1ca0606a527c8778a353911136b7721e034728834547b9d4160babe9206bb54ffa0",
            "directory_permission": "0777",
            "file_permission": "0444",
            "filename": "Aniiiii.txt",
            "id": "b9464c0f7177443def9613b56cd2876520514fea",
            "sensitive_content": null,
            "source": null
          },
          "sensitive_attributes": []
        }
      ]
    },
    {
      "mode": "managed",
      "type": "local_file",
      "name": "resource_name1",
      "provider": "provider[\"registry.terraform.io/hashicorp/local\"]",
      "instances": [
        {
          "schema_version": 0,
          "attributes": {
            "content": "hiiiiiiii",
            "content_base64": null,
            "content_base64sha256": "Ki6PAaZs0Jh+/7tmW+SMyIpNfk+bMXCOkGIKNmLIDgk=",
            "content_base64sha512": "6azTddCxTzmw66OEBIvLyIQKueh2moUqDblaMuXFz8CE2B+BynSaOKSvyBuwFuWfmvf4RuHqHy6kxWL0l51KXw==",
            "content_md5": "c121edd8ae132692b250a2c5db2e56d1",
            "content_sha1": "895eabc3a9f8b9a18d10287a3c72363fcc7dce8e",
            "content_sha256": "2a2e8f01a66cd0987effbb665be48cc88a4d7e4f9b31708e90620a3662c80e09",
            "content_sha512": "e9acd375d0b14f39b0eba384048bcbc8840ab9e8769a852a0db95a32e5c5cfc084d81f81ca749a38a4afc81bb016e59f9af7f846e1ea1f2ea4c562f4979d4a5f",
            "directory_permission": "0777",
            "file_permission": "0444",
            "filename": "Bhawna.txt",
            "id": "895eabc3a9f8b9a18d10287a3c72363fcc7dce8e",
            "sensitive_content": null,
            "source": null
          },
          "sensitive_attributes": []
        }
      ]
    }
  ],
  "check_results": null
}
